[[package]]
name = "fluid-grid"
version = "0.1.0"
dependencies = [
 "mint 0.5.1 (registry+https://github.com/rust-lang/crates.io-index)",
]

[[package]]
name = "mint"
version = "0.5.1"
source = "registry+https://github.com/rust-lang/crates.io-index"

[metadata]
"checksum mint 0.5.1 (registry+https://github.com/rust-lang/crates.io-index)" = "c9e6c29b4bb0155117ea1a61520406c975673ee71b0287323f06d1a8d69c4a7c"
